
Microsoft Visual Studio Solution File, Format Version 12.00
# Visual Studio Version 17
VisualStudioVersion = 17.3.32922.545
MinimumVisualStudioVersion = 10.0.40219.1
Project("{FAE04EC0-301F-11D3-BF4B-00C04F79EFBC}") = "Aula05", "ConsoleApp1\Aula05.csproj", "{74650433-E829-4CF6-8337-EF59925971ED}"
EndProject
Global
	GlobalSection(SolutionConfigurationPlatforms) = preSolution
		Debug|Any CPU = Debug|Any CPU
		Release|Any CPU = Release|Any CPU
	EndGlobalSection
	GlobalSection(ProjectConfigurationPlatforms) = postSolution
		{74650433-E829-4CF6-8337-EF59925971ED}.Debug|Any CPU.ActiveCfg = Debug|Any CPU
		{74650433-E829-4CF6-8337-EF59925971ED}.Debug|Any CPU.Build.0 = Debug|Any CPU
		{74650433-E829-4CF6-8337-EF59925971ED}.Release|Any CPU.ActiveCfg = Release|Any CPU
		{74650433-E829-4CF6-8337-EF59925971ED}.Release|Any CPU.Build.0 = Release|Any CPU
	EndGlobalSection
	GlobalSection(SolutionProperties) = preSolution
		HideSolutionNode = FALSE
	EndGlobalSection
	GlobalSection(ExtensibilityGlobals) = postSolution
		SolutionGuid = {2F26A893-6AC2-451A-A323-898B8E461C81}
	EndGlobalSection
EndGlobal
