
Microsoft Visual Studio Solution File, Format Version 12.00
# Visual Studio Version 17
VisualStudioVersion = 17.4.33122.133
MinimumVisualStudioVersion = 10.0.40219.1
Project("{9A19103F-16F7-4668-BE54-9A1E7A4F7556}") = "Mvc", "Mvc.csproj", "{E2E172DE-D90B-4ED1-8754-C997492C8EC0}"
EndProject
Global
	GlobalSection(SolutionConfigurationPlatforms) = preSolution
		Debug|Any CPU = Debug|Any CPU
		Release|Any CPU = Release|Any CPU
	EndGlobalSection
	GlobalSection(ProjectConfigurationPlatforms) = postSolution
		{E2E172DE-D90B-4ED1-8754-C997492C8EC0}.Debug|Any CPU.ActiveCfg = Debug|Any CPU
		{E2E172DE-D90B-4ED1-8754-C997492C8EC0}.Debug|Any CPU.Build.0 = Debug|Any CPU
		{E2E172DE-D90B-4ED1-8754-C997492C8EC0}.Release|Any CPU.ActiveCfg = Release|Any CPU
		{E2E172DE-D90B-4ED1-8754-C997492C8EC0}.Release|Any CPU.Build.0 = Release|Any CPU
	EndGlobalSection
	GlobalSection(SolutionProperties) = preSolution
		HideSolutionNode = FALSE
	EndGlobalSection
	GlobalSection(ExtensibilityGlobals) = postSolution
		SolutionGuid = {E88D1220-AF1A-48BF-95B5-09828CBB2F13}
	EndGlobalSection
EndGlobal
